name: Add GLS App Lock

on:
  push:
    paths:
      - '.github/workflows/add-app-lock.yml'

permissions:
  contents: write

jobs:
  update:
    runs-on: ubuntu-latest
    steps:
      - uses: actions/checkout@v4
      - name: Patch App.js
        run: |
          echo 'CmZyb20gcGF0aGxpYiBpbXBvcnQgUGF0aAoKcCA9IFBhdGgoImdscy1jaGVja2VyL3NyYy9BcHAuanMiKQpzID0gcC5yZWFkX3RleHQoKQoKb2xkX2ltcG9ydCA9ICdpbXBvcnQgeyBkb2MsIGdldERvYywgc2V0RG9jIH0gZnJvbSAiZmlyZWJhc2UvZmlyZXN0b3JlIjtcbicKbmV3X2ltcG9ydCA9IG9sZF9pbXBvcnQgKyAnaW1wb3J0IFNlY3VyaXR5R2F0ZSBmcm9tICIuL1NlY3VyaXR5R2F0ZSI7XG4nCmFzc2VydCBvbGRfaW1wb3J0IGluIHMsICJGaXJlc3RvcmUgaW1wb3J0IHRhcmdldCBub3QgZm91bmQiCmlmICdpbXBvcnQgU2VjdXJpdHlHYXRlIGZyb20gIi4vU2VjdXJpdHlHYXRlIjsnIG5vdCBpbiBzOgogICAgcyA9IHMucmVwbGFjZShvbGRfaW1wb3J0LCBuZXdfaW1wb3J0LCAxKQoKYXBwX3N0YXJ0ID0gJ2V4cG9ydCBkZWZhdWx0IGZ1bmN0aW9uIEFwcCgpIHtcbiAgY29uc3QgW3RhYiwgc2V0VGFiXSA9IHVzZVN0YXRlKCJkZWxpdmVyIik7JwphcHBfbmV3ID0gJ2V4cG9ydCBkZWZhdWx0IGZ1bmN0aW9uIEFwcCgpIHtcbiAgY29uc3QgW3NlY3VyaXR5VW5sb2NrZWQsIHNldFNlY3VyaXR5VW5sb2NrZWRdID0gdXNlU3RhdGUoZmFsc2UpO1xuICBjb25zdCBbdGFiLCBzZXRUYWJdID0gdXNlU3RhdGUoImRlbGl2ZXIiKTsnCmFzc2VydCBhcHBfc3RhcnQgaW4gcywgIkFwcCBzdGFydCB0YXJnZXQgbm90IGZvdW5kIgppZiAiY29uc3QgW3NlY3VyaXR5VW5sb2NrZWQsIHNldFNlY3VyaXR5VW5sb2NrZWRdIiBub3QgaW4gczoKICAgIHMgPSBzLnJlcGxhY2UoYXBwX3N0YXJ0LCBhcHBfbmV3LCAxKQoKc3RvY2tfYmxvY2sgPSAnJycgIGNvbnN0IFtzdG9ja1ZpZXcsIHNldFN0b2NrVmlld10gPSB1c2VTdGF0ZSh7CiAgICB3YXNzY2U6ICJ1bnVzZWQiLAogICAgYmVjZTogInVudXNlZCIsCiAgfSk7CicnJwpzZWN1cml0eV9lZmZlY3QgPSAnJycgIGNvbnN0IFtzdG9ja1ZpZXcsIHNldFN0b2NrVmlld10gPSB1c2VTdGF0ZSh7CiAgICB3YXNzY2U6ICJ1bnVzZWQiLAogICAgYmVjZTogInVudXNlZCIsCiAgfSk7CgogIC8vIExvY2sgYWdhaW4gYWZ0ZXIgNSBtaW51dGVzIG9mIGluYWN0aXZpdHkgb3IgYWZ0ZXIgYmVpbmcgYXdheSBmb3IgMSBtaW51dGUuCiAgdXNlRWZmZWN0KCgpID0+IHsKICAgIGlmICghc2VjdXJpdHlVbmxvY2tlZCkgcmV0dXJuIHVuZGVmaW5lZDsKCiAgICBsZXQgaW5hY3Rpdml0eVRpbWVyOwogICAgbGV0IGhpZGRlbkF0ID0gbnVsbDsKCiAgICBjb25zdCBsb2NrID0gKCkgPT4gc2V0U2VjdXJpdHlVbmxvY2tlZChmYWxzZSk7CiAgICBjb25zdCByZXNldFRpbWVyID0gKCkgPT4gewogICAgICBjbGVhclRpbWVvdXQoaW5hY3Rpdml0eVRpbWVyKTsKICAgICAgaW5hY3Rpdml0eVRpbWVyID0gc2V0VGltZW91dChsb2NrLCA1ICogNjAgKiAxMDAwKTsKICAgIH07CiAgICBjb25zdCBoYW5kbGVWaXNpYmlsaXR5ID0gKCkgPT4gewogICAgICBpZiAoZG9jdW1lbnQuaGlkZGVuKSB7CiAgICAgICAgaGlkZGVuQXQgPSBEYXRlLm5vdygpOwogICAgICB9IGVsc2UgewogICAgICAgIGlmIChoaWRkZW5BdCAmJiBEYXRlLm5vdygpIC0gaGlkZGVuQXQgPj0gNjAgKiAxMDAwKSB7CiAgICAgICAgICBsb2NrKCk7CiAgICAgICAgICByZXR1cm47CiAgICAgICAgfQogICAgICAgIGhpZGRlbkF0ID0gbnVsbDsKICAgICAgICByZXNldFRpbWVyKCk7CiAgICAgIH0KICAgIH07CgogICAgY29uc3QgZXZlbnRzID0gWyJwb2ludGVyZG93biIsICJrZXlkb3duIiwgInRvdWNoc3RhcnQiXTsKICAgIGV2ZW50cy5mb3JFYWNoKChuYW1lKSA9PiB3aW5kb3cuYWRkRXZlbnRMaXN0ZW5lcihuYW1lLCByZXNldFRpbWVyLCB7IHBhc3NpdmU6IHRydWUgfSkpOwogICAgZG9jdW1lbnQuYWRkRXZlbnRMaXN0ZW5lcigidmlzaWJpbGl0eWNoYW5nZSIsIGhhbmRsZVZpc2liaWxpdHkpOwogICAgcmVzZXRUaW1lcigpOwoKICAgIHJldHVybiAoKSA9PiB7CiAgICAgIGNsZWFyVGltZW91dChpbmFjdGl2aXR5VGltZXIpOwogICAgICBldmVudHMuZm9yRWFjaCgobmFtZSkgPT4gd2luZG93LnJlbW92ZUV2ZW50TGlzdGVuZXIobmFtZSwgcmVzZXRUaW1lcikpOwogICAgICBkb2N1bWVudC5yZW1vdmVFdmVudExpc3RlbmVyKCJ2aXNpYmlsaXR5Y2hhbmdlIiwgaGFuZGxlVmlzaWJpbGl0eSk7CiAgICB9OwogIH0sIFtzZWN1cml0eVVubG9ja2VkXSk7CicnJwphc3NlcnQgc3RvY2tfYmxvY2sgaW4gcywgIlN0b2NrIHN0YXRlIHRhcmdldCBub3QgZm91bmQiCmlmICJMb2NrIGFnYWluIGFmdGVyIDUgbWludXRlcyBvZiBpbmFjdGl2aXR5IiBub3QgaW4gczoKICAgIHMgPSBzLnJlcGxhY2Uoc3RvY2tfYmxvY2ssIHNlY3VyaXR5X2VmZmVjdCwgMSkKCmxvYWRpbmcgPSAnICBpZiAoIWxvYWRlZCkge1xuJwpzZWN1cmVkX2xvYWRpbmcgPSAnICBpZiAoIXNlY3VyaXR5VW5sb2NrZWQpIHtcbiAgICByZXR1cm4gPFNlY3VyaXR5R2F0ZSBvblVubG9jaz17KCkgPT4gc2V0U2VjdXJpdHlVbmxvY2tlZCh0cnVlKX0gLz47XG4gIH1cblxuICBpZiAoIWxvYWRlZCkge1xuJwphc3NlcnQgbG9hZGluZyBpbiBzLCAiTG9hZGluZyByZXR1cm4gdGFyZ2V0IG5vdCBmb3VuZCIKaWYgInJldHVybiA8U2VjdXJpdHlHYXRlIG9uVW5sb2NrPSIgbm90IGluIHM6CiAgICBzID0gcy5yZXBsYWNlKGxvYWRpbmcsIHNlY3VyZWRfbG9hZGluZywgMSkKCnAud3JpdGVfdGV4dChzKQo=' | base64 -d > /tmp/patch_app.py
          python /tmp/patch_app.py
      - name: Build app
        working-directory: gls-checker
        run: |
          npm ci
          npm run build
      - name: Commit app lock
        run: |
          git config user.name 'github-actions[bot]'
          git config user.email '41898282+github-actions[bot]@users.noreply.github.com'
          git add gls-checker/src/App.js gls-checker/src/SecurityGate.js
          git diff --cached --quiet || git commit -m 'Add PIN and biometric lock screen'
          git push
